// !$*UTF8*$!
{
	archiveVersion = 1;
	classes = {
	};
	objectVersion = 46;
	objects = {

/* Begin PBXBuildFile section */
		96DC24051B091D5E003FF892 /* AppDelegate.swift in Sources */ = {isa = PBXBuildFile; fileRef = 96DC24041B091D5E003FF892 /* AppDelegate.swift */; };
		96DC24071B091D5E003FF892 /* ViewController.swift in Sources */ = {isa = PBXBuildFile; fileRef = 96DC24061B091D5E003FF892 /* ViewController.swift */; };
		96DC240A1B091D5E003FF892 /* Main.storyboard in Resources */ = {isa = PBXBuildFile; fileRef = 96DC24081B091D5E003FF892 /* Main.storyboard */; };
		96DC240C1B091D5E003FF892 /* Images.xcassets in Resources */ = {isa = PBXBuildFile; fileRef = 96DC240B1B091D5E003FF892 /* Images.xcassets */; };
		96DC240F1B091D5E003FF892 /* LaunchScreen.xib in Resources */ = {isa = PBXBuildFile; fileRef = 96DC240D1B091D5E003FF892 /* LaunchScreen.xib */; };
		96DC241B1B091D5F003FF892 /* YAWA_WeatherTests.swift in Sources */ = {isa = PBXBuildFile; fileRef = 96DC241A1B091D5F003FF892 /* YAWA_WeatherTests.swift */; };
		96DC24261B091E74003FF892 /* Current.swift in Sources */ = {isa = PBXBuildFile; fileRef = 96DC24251B091E74003FF892 /* Current.swift */; };
		96DC242A1B092AE3003FF892 /* Constants.swift in Sources */ = {isa = PBXBuildFile; fileRef = 96DC24291B092AE3003FF892 /* Constants.swift */; };
		96DC242C1B094420003FF892 /* Weekly.swift in Sources */ = {isa = PBXBuildFile; fileRef = 96DC242B1B094420003FF892 /* Weekly.swift */; };
		96DC242E1B094431003FF892 /* Daily.swift in Sources */ = {isa = PBXBuildFile; fileRef = 96DC242D1B094431003FF892 /* Daily.swift */; };
/* End PBXBuildFile section */

/* Begin PBXContainerItemProxy section */
		96DC24151B091D5F003FF892 /* PBXContainerItemProxy */ = {
			isa = PBXContainerItemProxy;
			containerPortal = 96DC23F71B091D5E003FF892 /* Project object */;
			proxyType = 1;
			remoteGlobalIDString = 96DC23FE1B091D5E003FF892;
			remoteInfo = "YAWA-Weather";
		};
/* End PBXContainerItemProxy section */

/* Begin PBXFileReference section */
		96DC23FF1B091D5E003FF892 /* YAWA-Weather.app */ = {isa = PBXFileReference; explicitFileType = wrapper.application; includeInIndex = 0; path = "YAWA-Weather.app"; sourceTree = BUILT_PRODUCTS_DIR; };
		96DC24031B091D5E003FF892 /* Info.plist */ = {isa = PBXFileReference; lastKnownFileType = text.plist.xml; path = Info.plist; sourceTree = "<group>"; };
		96DC24041B091D5E003FF892 /* AppDelegate.swift */ = {isa = PBXFileReference; lastKnownFileType = sourcecode.swift; path = AppDelegate.swift; sourceTree = "<group>"; };
		96DC24061B091D5E003FF892 /* ViewController.swift */ = {isa = PBXFileReference; lastKnownFileType = sourcecode.swift; path = ViewController.swift; sourceTree = "<group>"; };
		96DC24091B091D5E003FF892 /* Base */ = {isa = PBXFileReference; lastKnownFileType = file.storyboard; name = Base; path = Base.lproj/Main.storyboard; sourceTree = "<group>"; };
		96DC240B1B091D5E003FF892 /* Images.xcassets */ = {isa = PBXFileReference; lastKnownFileType = folder.assetcatalog; path = Images.xcassets; sourceTree = "<group>"; };
		96DC240E1B091D5E003FF892 /* Base */ = {isa = PBXFileReference; lastKnownFileType = file.xib; name = Base; path = Base.lproj/LaunchScreen.xib; sourceTree = "<group>"; };
		96DC24141B091D5F003FF892 /* YAWA-WeatherTests.xctest */ = {isa = PBXFileReference; explicitFileType = wrapper.cfbundle; includeInIndex = 0; path = "YAWA-WeatherTests.xctest"; sourceTree = BUILT_PRODUCTS_DIR; };
		96DC24191B091D5F003FF892 /* Info.plist */ = {isa = PBXFileReference; lastKnownFileType = text.plist.xml; path = Info.plist; sourceTree = "<group>"; };
		96DC241A1B091D5F003FF892 /* YAWA_WeatherTests.swift */ = {isa = PBXFileReference; lastKnownFileType = sourcecode.swift; path = YAWA_WeatherTests.swift; sourceTree = "<group>"; };
		96DC24251B091E74003FF892 /* Current.swift */ = {isa = PBXFileReference; fileEncoding = 4; lastKnownFileType = sourcecode.swift; path = Current.swift; sourceTree = "<group>"; };
		96DC24291B092AE3003FF892 /* Constants.swift */ = {isa = PBXFileReference; fileEncoding = 4; lastKnownFileType = sourcecode.swift; path = Constants.swift; sourceTree = "<group>"; };
		96DC242B1B094420003FF892 /* Weekly.swift */ = {isa = PBXFileReference; fileEncoding = 4; lastKnownFileType = sourcecode.swift; path = Weekly.swift; sourceTree = "<group>"; };
		96DC242D1B094431003FF892 /* Daily.swift */ = {isa = PBXFileReference; fileEncoding = 4; lastKnownFileType = sourcecode.swift; path = Daily.swift; sourceTree = "<group>"; };
/* End PBXFileReference section */

/* Begin PBXFrameworksBuildPhase section */
		96DC23FC1B091D5E003FF892 /* Frameworks */ = {
			isa = PBXFrameworksBuildPhase;
			buildActionMask = 2147483647;
			files = (
			);
			runOnlyForDeploymentPostprocessing = 0;
		};
		96DC24111B091D5F003FF892 /* Frameworks */ = {
			isa = PBXFrameworksBuildPhase;
			buildActionMask = 2147483647;
			files = (
			);
			runOnlyForDeploymentPostprocessing = 0;
		};
/* End PBXFrameworksBuildPhase section */

/* Begin PBXGroup section */
		96DC23F61B091D5E003FF892 = {
			isa = PBXGroup;
			children = (
				96DC24011B091D5E003FF892 /* YAWA-Weather */,
				96DC24171B091D5F003FF892 /* YAWA-WeatherTests */,
				96DC24001B091D5E003FF892 /* Products */,
			);
			sourceTree = "<group>";
		};
		96DC24001B091D5E003FF892 /* Products */ = {
			isa = PBXGroup;
			children = (
				96DC23FF1B091D5E003FF892 /* YAWA-Weather.app */,
				96DC24141B091D5F003FF892 /* YAWA-WeatherTests.xctest */,
			);
			name = Products;
			sourceTree = "<group>";
		};
		96DC24011B091D5E003FF892 /* YAWA-Weather */ = {
			isa = PBXGroup;
			children = (
				96DC24041B091D5E003FF892 /* AppDelegate.swift */,
				96DC24291B092AE3003FF892 /* Constants.swift */,
				96DC24241B091E32003FF892 /* Controller */,
				96DC24271B091E7A003FF892 /* Model */,
				96DC24281B091E87003FF892 /* View */,
				96DC240B1B091D5E003FF892 /* Images.xcassets */,
				96DC24021B091D5E003FF892 /* Supporting Files */,
			);
			path = "YAWA-Weather";
			sourceTree = "<group>";
		};
		96DC24021B091D5E003FF892 /* Supporting Files */ = {
			isa = PBXGroup;
			children = (
				96DC24031B091D5E003FF892 /* Info.plist */,
			);
			name = "Supporting Files";
			sourceTree = "<group>";
		};
		96DC24171B091D5F003FF892 /* YAWA-WeatherTests */ = {
			isa = PBXGroup;
			children = (
				96DC241A1B091D5F003FF892 /* YAWA_WeatherTests.swift */,
				96DC24181B091D5F003FF892 /* Supporting Files */,
			);
			path = "YAWA-WeatherTests";
			sourceTree = "<group>";
		};
		96DC24181B091D5F003FF892 /* Supporting Files */ = {
			isa = PBXGroup;
			children = (
				96DC24191B091D5F003FF892 /* Info.plist */,
			);
			name = "Supporting Files";
			sourceTree = "<group>";
		};
		96DC24241B091E32003FF892 /* Controller */ = {
			isa = PBXGroup;
			children = (
				96DC24061B091D5E003FF892 /* ViewController.swift */,
			);
			name = Controller;
			sourceTree = "<group>";
		};
		96DC24271B091E7A003FF892 /* Model */ = {
			isa = PBXGroup;
			children = (
				96DC24251B091E74003FF892 /* Current.swift */,
				96DC242B1B094420003FF892 /* Weekly.swift */,
				96DC242D1B094431003FF892 /* Daily.swift */,
			);
			name = Model;
			sourceTree = "<group>";
		};
		96DC24281B091E87003FF892 /* View */ = {
			isa = PBXGroup;
			children = (
				96DC240D1B091D5E003FF892 /* LaunchScreen.xib */,
				96DC24081B091D5E003FF892 /* Main.storyboard */,
			);
			name = View;
			sourceTree = "<group>";
		};
/* End PBXGroup section */

/* Begin PBXNativeTarget section */
		96DC23FE1B091D5E003FF892 /* YAWA-Weather */ = {
			isa = PBXNativeTarget;
			buildConfigurationList = 96DC241E1B091D5F003FF892 /* Build configuration list for PBXNativeTarget "YAWA-Weather" */;
			buildPhases = (
				96DC23FB1B091D5E003FF892 /* Sources */,
				96DC23FC1B091D5E003FF892 /* Frameworks */,
				96DC23FD1B091D5E003FF892 /* Resources */,
			);
			buildRules = (
			);
			dependencies = (
			);
			name = "YAWA-Weather";
			productName = "YAWA-Weather";
			productReference = 96DC23FF1B091D5E003FF892 /* YAWA-Weather.app */;
			productType = "com.apple.product-type.application";
		};
		96DC24131B091D5F003FF892 /* YAWA-WeatherTests */ = {
			isa = PBXNativeTarget;
			buildConfigurationList = 96DC24211B091D5F003FF892 /* Build configuration list for PBXNativeTarget "YAWA-WeatherTests" */;
			buildPhases = (
				96DC24101B091D5F003FF892 /* Sources */,
				96DC24111B091D5F003FF892 /* Frameworks */,
				96DC24121B091D5F003FF892 /* Resources */,
			);
			buildRules = (
			);
			dependencies = (
				96DC24161B091D5F003FF892 /* PBXTargetDependency */,
			);
			name = "YAWA-WeatherTests";
			productName = "YAWA-WeatherTests";
			productReference = 96DC24141B091D5F003FF892 /* YAWA-WeatherTests.xctest */;
			productType = "com.apple.product-type.bundle.unit-test";
		};
/* End PBXNativeTarget section */

/* Begin PBXProject section */
		96DC23F71B091D5E003FF892 /* Project object */ = {
			isa = PBXProject;
			attributes = {
				LastUpgradeCheck = 0630;
				ORGANIZATIONNAME = "Edwin Bosire";
				TargetAttributes = {
					96DC23FE1B091D5E003FF892 = {
						CreatedOnToolsVersion = 6.3.1;
					};
					96DC24131B091D5F003FF892 = {
						CreatedOnToolsVersion = 6.3.1;
						TestTargetID = 96DC23FE1B091D5E003FF892;
					};
				};
			};
			buildConfigurationList = 96DC23FA1B091D5E003FF892 /* Build configuration list for PBXProject "YAWA-Weather" */;
			compatibilityVersion = "Xcode 3.2";
			developmentRegion = English;
			hasScannedForEncodings = 0;
			knownRegions = (
				en,
				Base,
			);
			mainGroup = 96DC23F61B091D5E003FF892;
			productRefGroup = 96DC24001B091D5E003FF892 /* Products */;
			projectDirPath = "";
			projectRoot = "";
			targets = (
				96DC23FE1B091D5E003FF892 /* YAWA-Weather */,
				96DC24131B091D5F003FF892 /* YAWA-WeatherTests */,
			);
		};
/* End PBXProject section */

/* Begin PBXResourcesBuildPhase section */
		96DC23FD1B091D5E003FF892 /* Resources */ = {
			isa = PBXResourcesBuildPhase;
			buildActionMask = 2147483647;
			files = (
				96DC240A1B091D5E003FF892 /* Main.storyboard in Resources */,
				96DC240F1B091D5E003FF892 /* LaunchScreen.xib in Resources */,
				96DC240C1B091D5E003FF892 /* Images.xcassets in Resources */,
			);
			runOnlyForDeploymentPostprocessing = 0;
		};
		96DC24121B091D5F003FF892 /* Resources */ = {
			isa = PBXResourcesBuildPhase;
			buildActionMask = 2147483647;
			files = (
			);
			runOnlyForDeploymentPostprocessing = 0;
		};
/* End PBXResourcesBuildPhase section */

/* Begin PBXSourcesBuildPhase section */
		96DC23FB1B091D5E003FF892 /* Sources */ = {
			isa = PBXSourcesBuildPhase;
			buildActionMask = 2147483647;
			files = (
				96DC242C1B094420003FF892 /* Weekly.swift in Sources */,
				96DC24261B091E74003FF892 /* Current.swift in Sources */,
				96DC24071B091D5E003FF892 /* ViewController.swift in Sources */,
				96DC24051B091D5E003FF892 /* AppDelegate.swift in Sources */,
				96DC242A1B092AE3003FF892 /* Constants.swift in Sources */,
				96DC242E1B094431003FF892 /* Daily.swift in Sources */,
			);
			runOnlyForDeploymentPostprocessing = 0;
		};
		96DC24101B091D5F003FF892 /* Sources */ = {
			isa = PBXSourcesBuildPhase;
			buildActionMask = 2147483647;
			files = (
				96DC241B1B091D5F003FF892 /* YAWA_WeatherTests.swift in Sources */,
			);
			runOnlyForDeploymentPostprocessing = 0;
		};
/* End PBXSourcesBuildPhase section */

/* Begin PBXTargetDependency section */
		96DC24161B091D5F003FF892 /* PBXTargetDependency */ = {
			isa = PBXTargetDependency;
			target = 96DC23FE1B091D5E003FF892 /* YAWA-Weather */;
			targetProxy = 96DC24151B091D5F003FF892 /* PBXContainerItemProxy */;
		};
/* End PBXTargetDependency section */

/* Begin PBXVariantGroup section */
		96DC24081B091D5E003FF892 /* Main.storyboard */ = {
			isa = PBXVariantGroup;
			children = (
				96DC24091B091D5E003FF892 /* Base */,
			);
			name = Main.storyboard;
			sourceTree = "<group>";
		};
		96DC240D1B091D5E003FF892 /* LaunchScreen.xib */ = {
			isa = PBXVariantGroup;
			children = (
				96DC240E1B091D5E003FF892 /* Base */,
			);
			name = LaunchScreen.xib;
			sourceTree = "<group>";
		};
/* End PBXVariantGroup section */

/* Begin XCBuildConfiguration section */
		96DC241C1B091D5F003FF892 /* Debug */ = {
			isa = XCBuildConfiguration;
			buildSettings = {
				ALWAYS_SEARCH_USER_PATHS = NO;
				CLANG_CXX_LANGUAGE_STANDARD = "gnu++0x";
				CLANG_CXX_LIBRARY = "libc++";
				CLANG_ENABLE_MODULES = YES;
				CLANG_ENABLE_OBJC_ARC = YES;
				CLANG_WARN_BOOL_CONVERSION = YES;
				CLANG_WARN_CONSTANT_CONVERSION = YES;
				CLANG_WARN_DIRECT_OBJC_ISA_USAGE = YES_ERROR;
				CLANG_WARN_EMPTY_BODY = YES;
				CLANG_WARN_ENUM_CONVERSION = YES;
				CLANG_WARN_INT_CONVERSION = YES;
				CLANG_WARN_OBJC_ROOT_CLASS = YES_ERROR;
				CLANG_WARN_UNREACHABLE_CODE = YES;
				CLANG_WARN__DUPLICATE_METHOD_MATCH = YES;
				"CODE_SIGN_IDENTITY[sdk=iphoneos*]" = "iPhone Developer";
				COPY_PHASE_STRIP = NO;
				DEBUG_INFORMATION_FORMAT = "dwarf-with-dsym";
				ENABLE_STRICT_OBJC_MSGSEND = YES;
				GCC_C_LANGUAGE_STANDARD = gnu99;
				GCC_DYNAMIC_NO_PIC = NO;
				GCC_NO_COMMON_BLOCKS = YES;
				GCC_OPTIMIZATION_LEVEL = 0;
				GCC_PREPROCESSOR_DEFINITIONS = (
					"DEBUG=1",
					"$(inherited)",
				);
				GCC_SYMBOLS_PRIVATE_EXTERN = NO;
				GCC_WARN_64_TO_32_BIT_CONVERSION = YES;
				GCC_WARN_ABOUT_RETURN_TYPE = YES_ERROR;
				GCC_WARN_UNDECLARED_SELECTOR = YES;
				GCC_WARN_UNINITIALIZED_AUTOS = YES_AGGRESSIVE;
				GCC_WARN_UNUSED_FUNCTION = YES;
				GCC_WARN_UNUSED_VARIABLE = YES;
				IPHONEOS_DEPLOYMENT_TARGET = 8.3;
				MTL_ENABLE_DEBUG_INFO = YES;
				ONLY_ACTIVE_ARCH = YES;
				SDKROOT = iphoneos;
				SWIFT_OPTIMIZATION_LEVEL = "-Onone";
			};
			name = Debug;
		};
		96DC241D1B091D5F003FF892 /* Release */ = {
			isa = XCBuildConfiguration;
			buildSettings = {
				ALWAYS_SEARCH_USER_PATHS = NO;
				CLANG_CXX_LANGUAGE_STANDARD = "gnu++0x";
				CLANG_CXX_LIBRARY = "libc++";
				CLANG_ENABLE_MODULES = YES;
				CLANG_ENABLE_OBJC_ARC = YES;
				CLANG_WARN_BOOL_CONVERSION = YES;
				CLANG_WARN_CONSTANT_CONVERSION = YES;
				CLANG_WARN_DIRECT_OBJC_ISA_USAGE = YES_ERROR;
				CLANG_WARN_EMPTY_BODY = YES;
				CLANG_WARN_ENUM_CONVERSION = YES;
				CLANG_WARN_INT_CONVERSION = YES;
				CLANG_WARN_OBJC_ROOT_CLASS = YES_ERROR;
				CLANG_WARN_UNREACHABLE_CODE = YES;
				CLANG_WARN__DUPLICATE_METHOD_MATCH = YES;
				"CODE_SIGN_IDENTITY[sdk=iphoneos*]" = "iPhone Developer";
				COPY_PHASE_STRIP = NO;
				DEBUG_INFORMATION_FORMAT = "dwarf-with-dsym";
				ENABLE_NS_ASSERTIONS = NO;
				ENABLE_STRICT_OBJC_MSGSEND = YES;
				GCC_C_LANGUAGE_STANDARD = gnu99;
				GCC_NO_COMMON_BLOCKS = YES;
				GCC_WARN_64_TO_32_BIT_CONVERSION = YES;
				GCC_WARN_ABOUT_RETURN_TYPE = YES_ERROR;
				GCC_WARN_UNDECLARED_SELECTOR = YES;
				GCC_WARN_UNINITIALIZED_AUTOS = YES_AGGRESSIVE;
				GCC_WARN_UNUSED_FUNCTION = YES;
				GCC_WARN_UNUSED_VARIABLE = YES;
				IPHONEOS_DEPLOYMENT_TARGET = 8.3;
				MTL_ENABLE_DEBUG_INFO = NO;
				SDKROOT = iphoneos;
				VALIDATE_PRODUCT = YES;
			};
			name = Release;
		};
		96DC241F1B091D5F003FF892 /* Debug */ = {
			isa = XCBuildConfiguration;
			buildSettings = {
				ASSETCATALOG_COMPILER_APPICON_NAME = AppIcon;
				INFOPLIST_FILE = "YAWA-Weather/Info.plist";
				LD_RUNPATH_SEARCH_PATHS = "$(inherited) @executable_path/Frameworks";
				PRODUCT_NAME = "$(TARGET_NAME)";
			};
			name = Debug;
		};
		96DC24201B091D5F003FF892 /* Release */ = {
			isa = XCBuildConfiguration;
			buildSettings = {
				ASSETCATALOG_COMPILER_APPICON_NAME = AppIcon;
				INFOPLIST_FILE = "YAWA-Weather/Info.plist";
				LD_RUNPATH_SEARCH_PATHS = "$(inherited) @executable_path/Frameworks";
				PRODUCT_NAME = "$(TARGET_NAME)";
			};
			name = Release;
		};
		96DC24221B091D5F003FF892 /* Debug */ = {
			isa = XCBuildConfiguration;
			buildSettings = {
				BUNDLE_LOADER = "$(TEST_HOST)";
				FRAMEWORK_SEARCH_PATHS = (
					"$(SDKROOT)/Developer/Library/Frameworks",
					"$(inherited)",
				);
				GCC_PREPROCESSOR_DEFINITIONS = (
					"DEBUG=1",
					"$(inherited)",
				);
				INFOPLIST_FILE = "YAWA-WeatherTests/Info.plist";
				LD_RUNPATH_SEARCH_PATHS = "$(inherited) @executable_path/Frameworks @loader_path/Frameworks";
				PRODUCT_NAME = "$(TARGET_NAME)";
				TEST_HOST = "$(BUILT_PRODUCTS_DIR)/YAWA-Weather.app/YAWA-Weather";
			};
			name = Debug;
		};
		96DC24231B091D5F003FF892 /* Release */ = {
			isa = XCBuildConfiguration;
			buildSettings = {
				BUNDLE_LOADER = "$(TEST_HOST)";
				FRAMEWORK_SEARCH_PATHS = (
					"$(SDKROOT)/Developer/Library/Frameworks",
					"$(inherited)",
				);
				INFOPLIST_FILE = "YAWA-WeatherTests/Info.plist";
				LD_RUNPATH_SEARCH_PATHS = "$(inherited) @executable_path/Frameworks @loader_path/Frameworks";
				PRODUCT_NAME = "$(TARGET_NAME)";
				TEST_HOST = "$(BUILT_PRODUCTS_DIR)/YAWA-Weather.app/YAWA-Weather";
			};
			name = Release;
		};
/* End XCBuildConfiguration section */

/* Begin XCConfigurationList section */
		96DC23FA1B091D5E003FF892 /* Build configuration list for PBXProject "YAWA-Weather" */ = {
			isa = XCConfigurationList;
			buildConfigurations = (
				96DC241C1B091D5F003FF892 /* Debug */,
				96DC241D1B091D5F003FF892 /* Release */,
			);
			defaultConfigurationIsVisible = 0;
			defaultConfigurationName = Release;
		};
		96DC241E1B091D5F003FF892 /* Build configuration list for PBXNativeTarget "YAWA-Weather" */ = {
			isa = XCConfigurationList;
			buildConfigurations = (
				96DC241F1B091D5F003FF892 /* Debug */,
				96DC24201B091D5F003FF892 /* Release */,
			);
			defaultConfigurationIsVisible = 0;
		};
		96DC24211B091D5F003FF892 /* Build configuration list for PBXNativeTarget "YAWA-WeatherTests" */ = {
			isa = XCConfigurationList;
			buildConfigurations = (
				96DC24221B091D5F003FF892 /* Debug */,
				96DC24231B091D5F003FF892 /* Release */,
			);
			defaultConfigurationIsVisible = 0;
		};
/* End XCConfigurationList section */
	};
	rootObject = 96DC23F71B091D5E003FF892 /* Project object */;
}
